
Microsoft Visual Studio Solution File, Format Version 12.00
# Visual Studio 15
VisualStudioVersion = 15.0.27703.2000
MinimumVisualStudioVersion = 10.0.40219.1
Project("{FAE04EC0-301F-11D3-BF4B-00C04F79EFBC}") = "AtividadeKaique.Android", "AtividadeKaique\AtividadeKaique.Android\AtividadeKaique.Android.csproj", "{C6CC8AEE-9E04-4789-87B0-26C9CEFDAE49}"
EndProject
Project("{FAE04EC0-301F-11D3-BF4B-00C04F79EFBC}") = "AtividadeKaique.iOS", "AtividadeKaique\AtividadeKaique.iOS\AtividadeKaique.iOS.csproj", "{3CA6F3F4-4251-4C51-BA8A-6F28B56068B4}"
EndProject
Project("{D954291E-2A0B-460D-934E-DC6B0785DB48}") = "AtividadeKaique", "AtividadeKaique\AtividadeKaique\AtividadeKaique.shproj", "{D13F762D-5E8A-491E-8253-197E74591ADA}"
EndProject
Global
	GlobalSection(SharedMSBuildProjectFiles) = preSolution
		AtividadeKaique\AtividadeKaique\AtividadeKaique.projitems*{3ca6f3f4-4251-4c51-ba8a-6f28b56068b4}*SharedItemsImports = 4
		AtividadeKaique\AtividadeKaique\AtividadeKaique.projitems*{c6cc8aee-9e04-4789-87b0-26c9cefdae49}*SharedItemsImports = 4
		AtividadeKaique\AtividadeKaique\AtividadeKaique.projitems*{d13f762d-5e8a-491e-8253-197e74591ada}*SharedItemsImports = 13
	EndGlobalSection
	GlobalSection(SolutionConfigurationPlatforms) = preSolution
		Ad-Hoc|Any CPU = Ad-Hoc|Any CPU
		Ad-Hoc|iPhone = Ad-Hoc|iPhone
		Ad-Hoc|iPhoneSimulator = Ad-Hoc|iPhoneSimulator
		AppStore|Any CPU = AppStore|Any CPU
		AppStore|iPhone = AppStore|iPhone
		AppStore|iPhoneSimulator = AppStore|iPhoneSimulator
		Debug|Any CPU = Debug|Any CPU
		Debug|iPhone = Debug|iPhone
		Debug|iPhoneSimulator = Debug|iPhoneSimulator
		Release|Any CPU = Release|Any CPU
		Release|iPhone = Release|iPhone
		Release|iPhoneSimulator = Release|iPhoneSimulator
	EndGlobalSection
	GlobalSection(ProjectConfigurationPlatforms) = postSolution
		{C6CC8AEE-9E04-4789-87B0-26C9CEFDAE49}.Ad-Hoc|Any CPU.ActiveCfg = Release|Any CPU
		{C6CC8AEE-9E04-4789-87B0-26C9CEFDAE49}.Ad-Hoc|Any CPU.Build.0 = Release|Any CPU
		{C6CC8AEE-9E04-4789-87B0-26C9CEFDAE49}.Ad-Hoc|Any CPU.Deploy.0 = Release|Any CPU
		{C6CC8AEE-9E04-4789-87B0-26C9CEFDAE49}.Ad-Hoc|iPhone.ActiveCfg = Release|Any CPU
		{C6CC8AEE-9E04-4789-87B0-26C9CEFDAE49}.Ad-Hoc|iPhone.Build.0 = Release|Any CPU
		{C6CC8AEE-9E04-4789-87B0-26C9CEFDAE49}.Ad-Hoc|iPhone.Deploy.0 = Release|Any CPU
		{C6CC8AEE-9E04-4789-87B0-26C9CEFDAE49}.Ad-Hoc|iPhoneSimulator.ActiveCfg = Release|Any CPU
		{C6CC8AEE-9E04-4789-87B0-26C9CEFDAE49}.Ad-Hoc|iPhoneSimulator.Build.0 = Release|Any CPU
		{C6CC8AEE-9E04-4789-87B0-26C9CEFDAE49}.Ad-Hoc|iPhoneSimulator.Deploy.0 = Release|Any CPU
		{C6CC8AEE-9E04-4789-87B0-26C9CEFDAE49}.AppStore|Any CPU.ActiveCfg = Release|Any CPU
		{C6CC8AEE-9E04-4789-87B0-26C9CEFDAE49}.AppStore|Any CPU.Build.0 = Release|Any CPU
		{C6CC8AEE-9E04-4789-87B0-26C9CEFDAE49}.AppStore|Any CPU.Deploy.0 = Release|Any CPU
		{C6CC8AEE-9E04-4789-87B0-26C9CEFDAE49}.AppStore|iPhone.ActiveCfg = Release|Any CPU
		{C6CC8AEE-9E04-4789-87B0-26C9CEFDAE49}.AppStore|iPhone.Build.0 = Release|Any CPU
		{C6CC8AEE-9E04-4789-87B0-26C9CEFDAE49}.AppStore|iPhone.Deploy.0 = Release|Any CPU
		{C6CC8AEE-9E04-4789-87B0-26C9CEFDAE49}.AppStore|iPhoneSimulator.ActiveCfg = Release|Any CPU
		{C6CC8AEE-9E04-4789-87B0-26C9CEFDAE49}.AppStore|iPhoneSimulator.Build.0 = Release|Any CPU
		{C6CC8AEE-9E04-4789-87B0-26C9CEFDAE49}.AppStore|iPhoneSimulator.Deploy.0 = Release|Any CPU
		{C6CC8AEE-9E04-4789-87B0-26C9CEFDAE49}.Debug|Any CPU.ActiveCfg = Debug|Any CPU
		{C6CC8AEE-9E04-4789-87B0-26C9CEFDAE49}.Debug|Any CPU.Build.0 = Debug|Any CPU
		{C6CC8AEE-9E04-4789-87B0-26C9CEFDAE49}.Debug|Any CPU.Deploy.0 = Debug|Any CPU
		{C6CC8AEE-9E04-4789-87B0-26C9CEFDAE49}.Debug|iPhone.ActiveCfg = Debug|Any CPU
		{C6CC8AEE-9E04-4789-87B0-26C9CEFDAE49}.Debug|iPhone.Build.0 = Debug|Any CPU
		{C6CC8AEE-9E04-4789-87B0-26C9CEFDAE49}.Debug|iPhone.Deploy.0 = Debug|Any CPU
		{C6CC8AEE-9E04-4789-87B0-26C9CEFDAE49}.Debug|iPhoneSimulator.ActiveCfg = Debug|Any CPU
		{C6CC8AEE-9E04-4789-87B0-26C9CEFDAE49}.Debug|iPhoneSimulator.Build.0 = Debug|Any CPU
		{C6CC8AEE-9E04-4789-87B0-26C9CEFDAE49}.Debug|iPhoneSimulator.Deploy.0 = Debug|Any CPU
		{C6CC8AEE-9E04-4789-87B0-26C9CEFDAE49}.Release|Any CPU.ActiveCfg = Release|Any CPU
		{C6CC8AEE-9E04-4789-87B0-26C9CEFDAE49}.Release|Any CPU.Build.0 = Release|Any CPU
		{C6CC8AEE-9E04-4789-87B0-26C9CEFDAE49}.Release|Any CPU.Deploy.0 = Release|Any CPU
		{C6CC8AEE-9E04-4789-87B0-26C9CEFDAE49}.Release|iPhone.ActiveCfg = Release|Any CPU
		{C6CC8AEE-9E04-4789-87B0-26C9CEFDAE49}.Release|iPhone.Build.0 = Release|Any CPU
		{C6CC8AEE-9E04-4789-87B0-26C9CEFDAE49}.Release|iPhone.Deploy.0 = Release|Any CPU
		{C6CC8AEE-9E04-4789-87B0-26C9CEFDAE49}.Release|iPhoneSimulator.ActiveCfg = Release|Any CPU
		{C6CC8AEE-9E04-4789-87B0-26C9CEFDAE49}.Release|iPhoneSimulator.Build.0 = Release|Any CPU
		{C6CC8AEE-9E04-4789-87B0-26C9CEFDAE49}.Release|iPhoneSimulator.Deploy.0 = Release|Any CPU
		{3CA6F3F4-4251-4C51-BA8A-6F28B56068B4}.Ad-Hoc|Any CPU.ActiveCfg = Ad-Hoc|iPhone
		{3CA6F3F4-4251-4C51-BA8A-6F28B56068B4}.Ad-Hoc|Any CPU.Build.0 = Ad-Hoc|iPhone
		{3CA6F3F4-4251-4C51-BA8A-6F28B56068B4}.Ad-Hoc|Any CPU.Deploy.0 = Ad-Hoc|iPhone
		{3CA6F3F4-4251-4C51-BA8A-6F28B56068B4}.Ad-Hoc|iPhone.ActiveCfg = Ad-Hoc|iPhone
		{3CA6F3F4-4251-4C51-BA8A-6F28B56068B4}.Ad-Hoc|iPhone.Build.0 = Ad-Hoc|iPhone
		{3CA6F3F4-4251-4C51-BA8A-6F28B56068B4}.Ad-Hoc|iPhone.Deploy.0 = Ad-Hoc|iPhone
		{3CA6F3F4-4251-4C51-BA8A-6F28B56068B4}.Ad-Hoc|iPhoneSimulator.ActiveCfg = Ad-Hoc|iPhoneSimulator
		{3CA6F3F4-4251-4C51-BA8A-6F28B56068B4}.Ad-Hoc|iPhoneSimulator.Build.0 = Ad-Hoc|iPhoneSimulator
		{3CA6F3F4-4251-4C51-BA8A-6F28B56068B4}.Ad-Hoc|iPhoneSimulator.Deploy.0 = Ad-Hoc|iPhoneSimulator
		{3CA6F3F4-4251-4C51-BA8A-6F28B56068B4}.AppStore|Any CPU.ActiveCfg = AppStore|iPhone
		{3CA6F3F4-4251-4C51-BA8A-6F28B56068B4}.AppStore|Any CPU.Build.0 = AppStore|iPhone
		{3CA6F3F4-4251-4C51-BA8A-6F28B56068B4}.AppStore|Any CPU.Deploy.0 = AppStore|iPhone
		{3CA6F3F4-4251-4C51-BA8A-6F28B56068B4}.AppStore|iPhone.ActiveCfg = AppStore|iPhone
		{3CA6F3F4-4251-4C51-BA8A-6F28B56068B4}.AppStore|iPhone.Build.0 = AppStore|iPhone
		{3CA6F3F4-4251-4C51-BA8A-6F28B56068B4}.AppStore|iPhone.Deploy.0 = AppStore|iPhone
		{3CA6F3F4-4251-4C51-BA8A-6F28B56068B4}.AppStore|iPhoneSimulator.ActiveCfg = AppStore|iPhoneSimulator
		{3CA6F3F4-4251-4C51-BA8A-6F28B56068B4}.AppStore|iPhoneSimulator.Build.0 = AppStore|iPhoneSimulator
		{3CA6F3F4-4251-4C51-BA8A-6F28B56068B4}.AppStore|iPhoneSimulator.Deploy.0 = AppStore|iPhoneSimulator
		{3CA6F3F4-4251-4C51-BA8A-6F28B56068B4}.Debug|Any CPU.ActiveCfg = Debug|iPhoneSimulator
		{3CA6F3F4-4251-4C51-BA8A-6F28B56068B4}.Debug|Any CPU.Build.0 = Debug|iPhoneSimulator
		{3CA6F3F4-4251-4C51-BA8A-6F28B56068B4}.Debug|Any CPU.Deploy.0 = Debug|iPhoneSimulator
		{3CA6F3F4-4251-4C51-BA8A-6F28B56068B4}.Debug|iPhone.ActiveCfg = Debug|iPhone
		{3CA6F3F4-4251-4C51-BA8A-6F28B56068B4}.Debug|iPhone.Build.0 = Debug|iPhone
		{3CA6F3F4-4251-4C51-BA8A-6F28B56068B4}.Debug|iPhone.Deploy.0 = Debug|iPhone
		{3CA6F3F4-4251-4C51-BA8A-6F28B56068B4}.Debug|iPhoneSimulator.ActiveCfg = Debug|iPhoneSimulator
		{3CA6F3F4-4251-4C51-BA8A-6F28B56068B4}.Debug|iPhoneSimulator.Build.0 = Debug|iPhoneSimulator
		{3CA6F3F4-4251-4C51-BA8A-6F28B56068B4}.Debug|iPhoneSimulator.Deploy.0 = Debug|iPhoneSimulator
		{3CA6F3F4-4251-4C51-BA8A-6F28B56068B4}.Release|Any CPU.ActiveCfg = Release|iPhone
		{3CA6F3F4-4251-4C51-BA8A-6F28B56068B4}.Release|Any CPU.Build.0 = Release|iPhone
		{3CA6F3F4-4251-4C51-BA8A-6F28B56068B4}.Release|Any CPU.Deploy.0 = Release|iPhone
		{3CA6F3F4-4251-4C51-BA8A-6F28B56068B4}.Release|iPhone.ActiveCfg = Release|iPhone
		{3CA6F3F4-4251-4C51-BA8A-6F28B56068B4}.Release|iPhone.Build.0 = Release|iPhone
		{3CA6F3F4-4251-4C51-BA8A-6F28B56068B4}.Release|iPhone.Deploy.0 = Release|iPhone
		{3CA6F3F4-4251-4C51-BA8A-6F28B56068B4}.Release|iPhoneSimulator.ActiveCfg = Release|iPhoneSimulator
		{3CA6F3F4-4251-4C51-BA8A-6F28B56068B4}.Release|iPhoneSimulator.Build.0 = Release|iPhoneSimulator
		{3CA6F3F4-4251-4C51-BA8A-6F28B56068B4}.Release|iPhoneSimulator.Deploy.0 = Release|iPhoneSimulator
	EndGlobalSection
	GlobalSection(SolutionProperties) = preSolution
		HideSolutionNode = FALSE
	EndGlobalSection
	GlobalSection(ExtensibilityGlobals) = postSolution
		SolutionGuid = {17309CF7-F482-4881-9C70-CDDA64FA0786}
	EndGlobalSection
EndGlobal
